<Solution>
  <Folder Name="/src/">
    <Project Path="src/QuickDraw.Pict.ImageSharp/QuickDraw.Pict.ImageSharp.csproj" />
    <Project Path="src/QuickDraw.Pict/QuickDraw.Pict.csproj" />
  </Folder>
  <Folder Name="/tests/">
    <Project Path="tests/QuickDraw.Pict.Tests/QuickDraw.Pict.Tests.csproj" />
  </Folder>
</Solution>
